
Microsoft Visual Studio Solution File, Format Version 11.00
# Visual Studio 2010
Project("{FAE04EC0-301F-11D3-BF4B-00C04F79EFBC}") = "DemoApplication", "DemoApplication\DemoApplication.csproj", "{EF931F2B-AF72-48D6-BF3D-EA3F41F2BB11}"
EndProject
Project("{FAE04EC0-301F-11D3-BF4B-00C04F79EFBC}") = "DemoTest", "DemoTest\DemoTest.csproj", "{7C785549-D5DE-4511-B4F3-1A457A656981}"
EndProject
Project("{2150E333-8FDC-42A3-9474-1A3956D46DE8}") = "Solution Items", "Solution Items", "{E0B84586-7013-4D18-AB20-D8D8C4A96CFC}"
	ProjectSection(SolutionItems) = preProject
		DemoApplication.vsmdi = DemoApplication.vsmdi
		Local.testsettings = Local.testsettings
		TraceAndTestImpact.testsettings = TraceAndTestImpact.testsettings
	EndProjectSection
EndProject
Global
	GlobalSection(TestCaseManagementSettings) = postSolution
		CategoryFile = DemoApplication.vsmdi
	EndGlobalSection
	GlobalSection(SolutionConfigurationPlatforms) = preSolution
		Debug|Any CPU = Debug|Any CPU
		Release|Any CPU = Release|Any CPU
	EndGlobalSection
	GlobalSection(ProjectConfigurationPlatforms) = postSolution
		{EF931F2B-AF72-48D6-BF3D-EA3F41F2BB11}.Debug|Any CPU.ActiveCfg = Debug|Any CPU
		{EF931F2B-AF72-48D6-BF3D-EA3F41F2BB11}.Debug|Any CPU.Build.0 = Debug|Any CPU
		{EF931F2B-AF72-48D6-BF3D-EA3F41F2BB11}.Release|Any CPU.ActiveCfg = Release|Any CPU
		{EF931F2B-AF72-48D6-BF3D-EA3F41F2BB11}.Release|Any CPU.Build.0 = Release|Any CPU
		{7C785549-D5DE-4511-B4F3-1A457A656981}.Debug|Any CPU.ActiveCfg = Debug|Any CPU
		{7C785549-D5DE-4511-B4F3-1A457A656981}.Debug|Any CPU.Build.0 = Debug|Any CPU
		{7C785549-D5DE-4511-B4F3-1A457A656981}.Release|Any CPU.ActiveCfg = Release|Any CPU
		{7C785549-D5DE-4511-B4F3-1A457A656981}.Release|Any CPU.Build.0 = Release|Any CPU
	EndGlobalSection
	GlobalSection(SolutionProperties) = preSolution
		HideSolutionNode = FALSE
	EndGlobalSection
EndGlobal
